
Microsoft Visual Studio Solution File, Format Version 12.00
# Visual Studio Version 17
VisualStudioVersion = 17.7.34031.279
MinimumVisualStudioVersion = 10.0.40219.1
Project("{FAE04EC0-301F-11D3-BF4B-00C04F79EFBC}") = "PoC", "PoC\PoC.csproj", "{6CB7E510-316F-4512-97A1-D24A902A707C}"
EndProject
Global
	GlobalSection(SolutionConfigurationPlatforms) = preSolution
		Debug|Any CPU = Debug|Any CPU
		Release|Any CPU = Release|Any CPU
	EndGlobalSection
	GlobalSection(ProjectConfigurationPlatforms) = postSolution
		{6CB7E510-316F-4512-97A1-D24A902A707C}.Debug|Any CPU.ActiveCfg = Debug|Any CPU
		{6CB7E510-316F-4512-97A1-D24A902A707C}.Debug|Any CPU.Build.0 = Debug|Any CPU
		{6CB7E510-316F-4512-97A1-D24A902A707C}.Release|Any CPU.ActiveCfg = Release|Any CPU
		{6CB7E510-316F-4512-97A1-D24A902A707C}.Release|Any CPU.Build.0 = Release|Any CPU
	EndGlobalSection
	GlobalSection(SolutionProperties) = preSolution
		HideSolutionNode = FALSE
	EndGlobalSection
	GlobalSection(ExtensibilityGlobals) = postSolution
		SolutionGuid = {A2C03751-6096-4F85-BF56-136C84923968}
	EndGlobalSection
EndGlobal
